
Microsoft Visual Studio Solution File, Format Version 12.00
# Visual Studio Version 16
VisualStudioVersion = 16.0.30717.126
MinimumVisualStudioVersion = 10.0.40219.1
Project("{FAE04EC0-301F-11D3-BF4B-00C04F79EFBC}") = "CawkVM Devirt", "CawkVM Devirt.csproj", "{83701D6E-A9F3-45F5-BE51-A0BB0FAAD66A}"
EndProject
Project("{FAE04EC0-301F-11D3-BF4B-00C04F79EFBC}") = "Runtime", "Runtime\Runtime.csproj", "{520B7746-86A7-4021-87B4-507236A14CAE}"
EndProject
Global
	GlobalSection(SolutionConfigurationPlatforms) = preSolution
		Debug|Any CPU = Debug|Any CPU
		Release|Any CPU = Release|Any CPU
	EndGlobalSection
	GlobalSection(ProjectConfigurationPlatforms) = postSolution
		{83701D6E-A9F3-45F5-BE51-A0BB0FAAD66A}.Debug|Any CPU.ActiveCfg = Debug|Any CPU
		{83701D6E-A9F3-45F5-BE51-A0BB0FAAD66A}.Debug|Any CPU.Build.0 = Debug|Any CPU
		{83701D6E-A9F3-45F5-BE51-A0BB0FAAD66A}.Release|Any CPU.ActiveCfg = Release|Any CPU
		{83701D6E-A9F3-45F5-BE51-A0BB0FAAD66A}.Release|Any CPU.Build.0 = Release|Any CPU
		{520B7746-86A7-4021-87B4-507236A14CAE}.Debug|Any CPU.ActiveCfg = Debug|Any CPU
		{520B7746-86A7-4021-87B4-507236A14CAE}.Debug|Any CPU.Build.0 = Debug|Any CPU
		{520B7746-86A7-4021-87B4-507236A14CAE}.Release|Any CPU.ActiveCfg = Release|Any CPU
		{520B7746-86A7-4021-87B4-507236A14CAE}.Release|Any CPU.Build.0 = Release|Any CPU
	EndGlobalSection
	GlobalSection(SolutionProperties) = preSolution
		HideSolutionNode = FALSE
	EndGlobalSection
	GlobalSection(ExtensibilityGlobals) = postSolution
		SolutionGuid = {B52765C0-237C-4D4F-995F-507D9954E5C8}
	EndGlobalSection
EndGlobal
